Microsoft Visual Studio Solution File, Format Version 11.00
# Visual Studio 2008

Project("{0D638F96-BBF5-347C-C0DC-614C95BE1CFF}") = "BootCamp copy", "Assembly-CSharp-firstpass.csproj", "{1FB3C540-956B-EAAF-10AA-11FEC650CF4A}"
EndProject
Project("{0D638F96-BBF5-347C-C0DC-614C95BE1CFF}") = "BootCamp copy", "Assembly-CSharp.csproj", "{0B790E41-3A89-5B91-167B-A05F27620F96}"
EndProject
Project("{0D638F96-BBF5-347C-C0DC-614C95BE1CFF}") = "BootCamp copy", "Assembly-UnityScript-firstpass.unityproj", "{4BB29BF3-D99C-C8F0-41EC-99A5158C4B3E}"
EndProject
Project("{0D638F96-BBF5-347C-C0DC-614C95BE1CFF}") = "BootCamp copy", "Assembly-UnityScript.unityproj", "{962DB83D-ED6E-FE59-59B3-A8703E1B4AD1}"
EndProject
Global
	GlobalSection(SolutionConfigurationPlatforms) = preSolution
		Debug|Any CPU = Debug|Any CPU
		Release|Any CPU = Release|Any CPU
	EndGlobalSection
	GlobalSection(ProjectConfigurationPlatforms) = postSolution
		{1FB3C540-956B-EAAF-10AA-11FEC650CF4A}.Debug|Any CPU.ActiveCfg = Debug|Any CPU
		{1FB3C540-956B-EAAF-10AA-11FEC650CF4A}.Debug|Any CPU.Build.0 = Debug|Any CPU
		{1FB3C540-956B-EAAF-10AA-11FEC650CF4A}.Release|Any CPU.ActiveCfg = Release|Any CPU
		{1FB3C540-956B-EAAF-10AA-11FEC650CF4A}.Release|Any CPU.Build.0 = Release|Any CPU
		{0B790E41-3A89-5B91-167B-A05F27620F96}.Debug|Any CPU.ActiveCfg = Debug|Any CPU
		{0B790E41-3A89-5B91-167B-A05F27620F96}.Debug|Any CPU.Build.0 = Debug|Any CPU
		{0B790E41-3A89-5B91-167B-A05F27620F96}.Release|Any CPU.ActiveCfg = Release|Any CPU
		{0B790E41-3A89-5B91-167B-A05F27620F96}.Release|Any CPU.Build.0 = Release|Any CPU
		{4BB29BF3-D99C-C8F0-41EC-99A5158C4B3E}.Debug|Any CPU.ActiveCfg = Debug|Any CPU
		{4BB29BF3-D99C-C8F0-41EC-99A5158C4B3E}.Debug|Any CPU.Build.0 = Debug|Any CPU
		{4BB29BF3-D99C-C8F0-41EC-99A5158C4B3E}.Release|Any CPU.ActiveCfg = Release|Any CPU
		{4BB29BF3-D99C-C8F0-41EC-99A5158C4B3E}.Release|Any CPU.Build.0 = Release|Any CPU
		{962DB83D-ED6E-FE59-59B3-A8703E1B4AD1}.Debug|Any CPU.ActiveCfg = Debug|Any CPU
		{962DB83D-ED6E-FE59-59B3-A8703E1B4AD1}.Debug|Any CPU.Build.0 = Debug|Any CPU
		{962DB83D-ED6E-FE59-59B3-A8703E1B4AD1}.Release|Any CPU.ActiveCfg = Release|Any CPU
		{962DB83D-ED6E-FE59-59B3-A8703E1B4AD1}.Release|Any CPU.Build.0 = Release|Any CPU
	EndGlobalSection
	GlobalSection(SolutionProperties) = preSolution
		HideSolutionNode = FALSE
	EndGlobalSection
																						GlobalSection(MonoDevelopProperties) = preSolution
		StartupItem = Assembly-CSharp.csproj
		Policies = $0
		$0.TextStylePolicy = $1
		$1.inheritsSet = null
		$1.scope = text/x-csharp
		$0.CSharpFormattingPolicy = $2
		$2.inheritsSet = Mono
		$2.inheritsScope = text/x-csharp
		$2.scope = text/x-csharp
		$0.TextStylePolicy = $3
		$3.FileWidth = 120
		$3.TabWidth = 4
		$3.EolMarker = Unix
		$3.inheritsSet = Mono
		$3.inheritsScope = text/plain
		$3.scope = text/plain
	EndGlobalSection

EndGlobal
