Microsoft Visual Studio Solution File, Format Version 11.00
# Visual Studio 2008

Project("{2DBB9781-C4A0-A760-1121-0731AF3891A9}") = "UnityTest1", "Assembly-CSharp-firstpass-vs.csproj", "{3082C64C-DEF8-8397-9780-9FC1DF3DB092}"
EndProject
Project("{2DBB9781-C4A0-A760-1121-0731AF3891A9}") = "UnityTest1", "Assembly-CSharp-vs.csproj", "{CC961D9D-16C6-8FF9-5227-4922B39B523B}"
EndProject
Global
	GlobalSection(SolutionConfigurationPlatforms) = preSolution
		Debug|Any CPU = Debug|Any CPU
		Release|Any CPU = Release|Any CPU
	EndGlobalSection
	GlobalSection(ProjectConfigurationPlatforms) = postSolution
		{3082C64C-DEF8-8397-9780-9FC1DF3DB092}.Debug|Any CPU.ActiveCfg = Debug|Any CPU
		{3082C64C-DEF8-8397-9780-9FC1DF3DB092}.Debug|Any CPU.Build.0 = Debug|Any CPU
		{3082C64C-DEF8-8397-9780-9FC1DF3DB092}.Release|Any CPU.ActiveCfg = Release|Any CPU
		{3082C64C-DEF8-8397-9780-9FC1DF3DB092}.Release|Any CPU.Build.0 = Release|Any CPU
		{CC961D9D-16C6-8FF9-5227-4922B39B523B}.Debug|Any CPU.ActiveCfg = Debug|Any CPU
		{CC961D9D-16C6-8FF9-5227-4922B39B523B}.Debug|Any CPU.Build.0 = Debug|Any CPU
		{CC961D9D-16C6-8FF9-5227-4922B39B523B}.Release|Any CPU.ActiveCfg = Release|Any CPU
		{CC961D9D-16C6-8FF9-5227-4922B39B523B}.Release|Any CPU.Build.0 = Release|Any CPU
	EndGlobalSection
	GlobalSection(SolutionProperties) = preSolution
		HideSolutionNode = FALSE
	EndGlobalSection
															GlobalSection(MonoDevelopProperties) = preSolution
		StartupItem = Assembly-CSharp.csproj
		Policies = $0
		$0.TextStylePolicy = $1
		$1.inheritsSet = null
		$1.scope = text/x-csharp
		$0.CSharpFormattingPolicy = $2
		$2.inheritsSet = Mono
		$2.inheritsScope = text/x-csharp
		$2.scope = text/x-csharp
		$0.TextStylePolicy = $3
		$3.FileWidth = 120
		$3.TabWidth = 4
		$3.EolMarker = Unix
		$3.inheritsSet = Mono
		$3.inheritsScope = text/plain
		$3.scope = text/plain
	EndGlobalSection

EndGlobal
